
Microsoft Visual Studio Solution File, Format Version 12.00
# Visual Studio Version 17
VisualStudioVersion = 17.14.36915.13 d17.14
MinimumVisualStudioVersion = 10.0.40219.1
Project("{FAE04EC0-301F-11D3-BF4B-00C04F79EFBC}") = "Tanulok és Jegyek", "Tanulok és Jegyek\Tanulok és Jegyek.csproj", "{8278C214-6D69-41E3-8ACF-0E9F741B25A6}"
EndProject
Global
	GlobalSection(SolutionConfigurationPlatforms) = preSolution
		Debug|Any CPU = Debug|Any CPU
		Release|Any CPU = Release|Any CPU
	EndGlobalSection
	GlobalSection(ProjectConfigurationPlatforms) = postSolution
		{8278C214-6D69-41E3-8ACF-0E9F741B25A6}.Debug|Any CPU.ActiveCfg = Debug|Any CPU
		{8278C214-6D69-41E3-8ACF-0E9F741B25A6}.Debug|Any CPU.Build.0 = Debug|Any CPU
		{8278C214-6D69-41E3-8ACF-0E9F741B25A6}.Release|Any CPU.ActiveCfg = Release|Any CPU
		{8278C214-6D69-41E3-8ACF-0E9F741B25A6}.Release|Any CPU.Build.0 = Release|Any CPU
	EndGlobalSection
	GlobalSection(SolutionProperties) = preSolution
		HideSolutionNode = FALSE
	EndGlobalSection
	GlobalSection(ExtensibilityGlobals) = postSolution
		SolutionGuid = {B5BBD7EC-8C70-41F3-9CD7-51A458CF8B94}
	EndGlobalSection
EndGlobal
